
Microsoft Visual Studio Solution File, Format Version 12.00
# Visual Studio Version 17
VisualStudioVersion = 17.1.32414.318
MinimumVisualStudioVersion = 10.0.40219.1
Project("{FAE04EC0-301F-11D3-BF4B-00C04F79EFBC}") = "NetCoreReactTestApp", "NetCoreReactTestApp\NetCoreReactTestApp.csproj", "{E080C093-C19C-4423-AEEF-B9C929F5BDFB}"
EndProject
Global
	GlobalSection(SolutionConfigurationPlatforms) = preSolution
		Debug|Any CPU = Debug|Any CPU
		Release|Any CPU = Release|Any CPU
	EndGlobalSection
	GlobalSection(ProjectConfigurationPlatforms) = postSolution
		{E080C093-C19C-4423-AEEF-B9C929F5BDFB}.Debug|Any CPU.ActiveCfg = Debug|Any CPU
		{E080C093-C19C-4423-AEEF-B9C929F5BDFB}.Debug|Any CPU.Build.0 = Debug|Any CPU
		{E080C093-C19C-4423-AEEF-B9C929F5BDFB}.Release|Any CPU.ActiveCfg = Release|Any CPU
		{E080C093-C19C-4423-AEEF-B9C929F5BDFB}.Release|Any CPU.Build.0 = Release|Any CPU
	EndGlobalSection
	GlobalSection(SolutionProperties) = preSolution
		HideSolutionNode = FALSE
	EndGlobalSection
	GlobalSection(ExtensibilityGlobals) = postSolution
		SolutionGuid = {0031EDDD-FC9C-477E-A152-9A3D0BEC434A}
	EndGlobalSection
EndGlobal
